
Microsoft Visual Studio Solution File, Format Version 12.00
# Visual Studio Version 17
VisualStudioVersion = 17.10.35013.160
MinimumVisualStudioVersion = 10.0.40219.1
Project("{FAE04EC0-301F-11D3-BF4B-00C04F79EFBC}") = "DBSmartAPIManager.DAL", "DBSmartAPIManager.DAL\DBSmartAPIManager.DAL.csproj", "{49E5AB02-E058-464E-BB08-00946B0D58A0}"
EndProject
Global
	GlobalSection(SolutionConfigurationPlatforms) = preSolution
		Debug|Any CPU = Debug|Any CPU
		Release|Any CPU = Release|Any CPU
	EndGlobalSection
	GlobalSection(ProjectConfigurationPlatforms) = postSolution
		{49E5AB02-E058-464E-BB08-00946B0D58A0}.Debug|Any CPU.ActiveCfg = Debug|Any CPU
		{49E5AB02-E058-464E-BB08-00946B0D58A0}.Debug|Any CPU.Build.0 = Debug|Any CPU
		{49E5AB02-E058-464E-BB08-00946B0D58A0}.Release|Any CPU.ActiveCfg = Release|Any CPU
		{49E5AB02-E058-464E-BB08-00946B0D58A0}.Release|Any CPU.Build.0 = Release|Any CPU
	EndGlobalSection
	GlobalSection(SolutionProperties) = preSolution
		HideSolutionNode = FALSE
	EndGlobalSection
	GlobalSection(ExtensibilityGlobals) = postSolution
		SolutionGuid = {0185C34C-00F6-4570-8088-64DE4F1D78BC}
	EndGlobalSection
EndGlobal
